{
  "name": "@mrhenry/polyfill-library--atob",
  "version": "0.0.0",
  "lockfileVersion": 3,
  "requires": true,
  "packages": {
    "": {
      "name": "@mrhenry/polyfill-library--atob",
      "version": "0.0.0",
      "devDependencies": {
        "Base64": "1.3.0"
      }
    },
    "node_modules/Base64": {
      "version": "1.3.0",
      "resolved": "https://registry.npmjs.org/Base64/-/Base64-1.3.0.tgz",
      "integrity": "sha512-7BjEEmnnW5pm6mBXKQ8CfQFeVjSoFnB507R86mKaJqa2i8CvosDy/dj+9RpbD0A22XQ+hGb0FHO+226C0QXRGw==",
      "dev": true,
      "license": "(Apache-2.0 OR WTFPL)"
    }
  }
}
