{
  "name": "@mrhenry/polyfill-library--usertiming",
  "version": "0.0.0",
  "lockfileVersion": 3,
  "requires": true,
  "packages": {
    "": {
      "name": "@mrhenry/polyfill-library--usertiming",
      "version": "0.0.0",
      "devDependencies": {
        "usertiming": "0.1.8"
      }
    },
    "node_modules/usertiming": {
      "version": "0.1.8",
      "resolved": "https://registry.npmjs.org/usertiming/-/usertiming-0.1.8.tgz",
      "integrity": "sha512-0P7EsAN6Fx/VWFuYaleB1EZZ2UNT8n+lQ1Kdhggo1ZX1vau0Sd6ti3HvKAUWT/2HIXYcgKDUd3XtUrdYdR62MQ==",
      "dev": true,
      "license": "MIT"
    }
  }
}
