{
  "name": "@mrhenry/polyfill-library--arraybuffer",
  "version": "0.0.0",
  "lockfileVersion": 3,
  "requires": true,
  "packages": {
    "": {
      "name": "@mrhenry/polyfill-library--arraybuffer",
      "version": "0.0.0",
      "devDependencies": {
        "js-polyfills": "0.1.43"
      }
    },
    "node_modules/js-polyfills": {
      "version": "0.1.43",
      "resolved": "https://registry.npmjs.org/js-polyfills/-/js-polyfills-0.1.43.tgz",
      "integrity": "sha512-wWCJcw7uMA12uk7qcqZlIQy9nj+Evh1wVUmn5MOlJ7GPC8HT5PLjB9Uiqjw9ldAbbOuNOWJ6ENb7NwU6qqf48g==",
      "deprecated": "Package no longer supported. Contact Support at https://www.npmjs.com/support for more info.",
      "dev": true,
      "license": "(Unlicense OR MIT)"
    }
  }
}
