{
  "name": "@mrhenry/polyfill-library--intl",
  "version": "0.0.0",
  "lockfileVersion": 3,
  "requires": true,
  "packages": {
    "": {
      "name": "@mrhenry/polyfill-library--intl",
      "version": "0.0.0",
      "devDependencies": {
        "@formatjs/intl-datetimeformat": "4.1.0",
        "@formatjs/intl-displaynames": "5.1.0",
        "@formatjs/intl-getcanonicallocales": "1.6.0",
        "@formatjs/intl-listformat": "6.1.0",
        "@formatjs/intl-locale": "2.4.26",
        "@formatjs/intl-localematcher": "0.2.32",
        "@formatjs/intl-numberformat": "7.1.0",
        "@formatjs/intl-pluralrules": "4.0.20",
        "@formatjs/intl-relativetimeformat": "9.1.0"
      }
    },
    "node_modules/@formatjs/ecma402-abstract": {
      "version": "1.8.0",
      "resolved": "https://registry.npmjs.org/@formatjs/ecma402-abstract/-/ecma402-abstract-1.8.0.tgz",
      "integrity": "sha512-X+nxZcIQr0YfYNtw1ZkHjN3YSyi0fEmdAJqRzk24KwNvqLv7GmVfw70mf7ADnwOvkcrSaAdx24GfAqckGTv9ww==",
      "dev": true,
      "license": "MIT",
      "dependencies": {
        "tslib": "^2.1.0"
      }
    },
    "node_modules/@formatjs/intl-datetimeformat": {
      "version": "4.1.0",
      "resolved": "https://registry.npmjs.org/@formatjs/intl-datetimeformat/-/intl-datetimeformat-4.1.0.tgz",
      "integrity": "sha512-rEAPnIIsiOpjXMqoMdxClJ4Q2uhKTN1WH2fQUCJrg4FYdqfevJeymSowdLcOi1AYARIoTXTmlqS8pHIJx62VEw==",
      "dev": true,
      "license": "MIT",
      "dependencies": {
        "@formatjs/ecma402-abstract": "1.8.0",
        "tslib": "^2.1.0"
      }
    },
    "node_modules/@formatjs/intl-displaynames": {
      "version": "5.1.0",
      "resolved": "https://registry.npmjs.org/@formatjs/intl-displaynames/-/intl-displaynames-5.1.0.tgz",
      "integrity": "sha512-2pwIlHcNBZ281ySsz/E6JURVDxWsIxHn/HyxmylxBQMeW2HeFq1YuP6ycAxSMfp+EtWAN4v8TgWJQM+YBI22FA==",
      "dev": true,
      "license": "MIT",
      "dependencies": {
        "@formatjs/ecma402-abstract": "1.8.0",
        "tslib": "^2.1.0"
      }
    },
    "node_modules/@formatjs/intl-getcanonicallocales": {
      "version": "1.6.0",
      "resolved": "https://registry.npmjs.org/@formatjs/intl-getcanonicallocales/-/intl-getcanonicallocales-1.6.0.tgz",
      "integrity": "sha512-1967VujZeow0K0NpzerdNOaskcE0KwnnchxT8TzlkLs4RjXx7Uz0bjQPtUYGV7kvbgMJ9qb6tWmCqIwe3sBKUw==",
      "dev": true,
      "license": "MIT",
      "dependencies": {
        "cldr-core": "38",
        "tslib": "^2.1.0"
      }
    },
    "node_modules/@formatjs/intl-listformat": {
      "version": "6.1.0",
      "resolved": "https://registry.npmjs.org/@formatjs/intl-listformat/-/intl-listformat-6.1.0.tgz",
      "integrity": "sha512-NsDKO0U1mVFZmoyZ0ztFL+biqztDKv1qdSvPA1S5yOYZddDy6G9SpnBZgNjhxUFIBqycNW95ibO/jrI5Ou4s5Q==",
      "dev": true,
      "license": "MIT",
      "dependencies": {
        "@formatjs/ecma402-abstract": "1.8.0",
        "tslib": "^2.1.0"
      }
    },
    "node_modules/@formatjs/intl-locale": {
      "version": "2.4.26",
      "resolved": "https://registry.npmjs.org/@formatjs/intl-locale/-/intl-locale-2.4.26.tgz",
      "integrity": "sha512-f5NyHb5qdfA0oO2IGLhNU0k9BWq8xI26VqxzZqjTfEKnn8xJ+SBE9drwRfTqlRz6pmvztPmkDg3FSflmGdDKGw==",
      "dev": true,
      "license": "MIT",
      "dependencies": {
        "@formatjs/ecma402-abstract": "1.8.0",
        "@formatjs/intl-getcanonicallocales": "1.6.0",
        "cldr-core": "38",
        "tslib": "^2.1.0"
      }
    },
    "node_modules/@formatjs/intl-localematcher": {
      "version": "0.2.32",
      "resolved": "https://registry.npmjs.org/@formatjs/intl-localematcher/-/intl-localematcher-0.2.32.tgz",
      "integrity": "sha512-k/MEBstff4sttohyEpXxCmC3MqbUn9VvHGlZ8fauLzkbwXmVrEeyzS+4uhrvAk9DWU9/7otYWxyDox4nT/KVLQ==",
      "dev": true,
      "license": "MIT",
      "dependencies": {
        "tslib": "^2.4.0"
      }
    },
    "node_modules/@formatjs/intl-numberformat": {
      "version": "7.1.0",
      "resolved": "https://registry.npmjs.org/@formatjs/intl-numberformat/-/intl-numberformat-7.1.0.tgz",
      "integrity": "sha512-zwjacMSn+Ide2RXK2PN0veB7N7ay10tQ1Pb8eXeMB7zjRjJXHROi8O1ZA0dpJid0lw/5+5G2/lEdYvsPWLkaZA==",
      "dev": true,
      "license": "MIT",
      "dependencies": {
        "@formatjs/ecma402-abstract": "1.8.0",
        "tslib": "^2.1.0"
      }
    },
    "node_modules/@formatjs/intl-pluralrules": {
      "version": "4.0.20",
      "resolved": "https://registry.npmjs.org/@formatjs/intl-pluralrules/-/intl-pluralrules-4.0.20.tgz",
      "integrity": "sha512-ayyjvIh9ShXQxo0Y9GhUTyW9zyB3jiBFRIEhMmGowpIlTVRhOwl57XZ+YuUgo/yCvtJqnvGPu/4/fQTouxHuGw==",
      "dev": true,
      "license": "MIT",
      "dependencies": {
        "@formatjs/ecma402-abstract": "1.8.0",
        "tslib": "^2.1.0"
      }
    },
    "node_modules/@formatjs/intl-relativetimeformat": {
      "version": "9.1.0",
      "resolved": "https://registry.npmjs.org/@formatjs/intl-relativetimeformat/-/intl-relativetimeformat-9.1.0.tgz",
      "integrity": "sha512-F4HmAk/ZYy9VNbrNOayGfPKEnj2ey6M9kMKf+UKL6QL21FOxLyY6e4okSG6VbAjZ0cYgKvEiNDjSuWP86qSo0g==",
      "dev": true,
      "license": "MIT",
      "dependencies": {
        "@formatjs/ecma402-abstract": "1.8.0",
        "tslib": "^2.1.0"
      }
    },
    "node_modules/cldr-core": {
      "version": "38.1.0",
      "resolved": "https://registry.npmjs.org/cldr-core/-/cldr-core-38.1.0.tgz",
      "integrity": "sha512-Da9xKjDp4qGGIX0VDsBqTan09iR5nuYD2a/KkfEaUyqKhu6wFVNRiCpPDXeRbpVwPBY6PgemV8WiHatMhcpy4A==",
      "dev": true,
      "license": "Unicode-DFS-2016"
    },
    "node_modules/tslib": {
      "version": "2.6.3",
      "resolved": "https://registry.npmjs.org/tslib/-/tslib-2.6.3.tgz",
      "integrity": "sha512-xNvxJEOUiWPGhUuUdQgAJPKOOJfGnIyKySOc09XkKsgdUV/3E2zvwZYdejjmRgPCgcym1juLH3226yA7sEFJKQ==",
      "dev": true,
      "license": "0BSD"
    }
  }
}
