{
  "name": "@mrhenry/polyfill-library--htmltemplateelement",
  "version": "0.0.0",
  "lockfileVersion": 3,
  "requires": true,
  "packages": {
    "": {
      "name": "@mrhenry/polyfill-library--htmltemplateelement",
      "version": "0.0.0",
      "devDependencies": {
        "@webcomponents/template": "1.5.1"
      }
    },
    "node_modules/@webcomponents/template": {
      "version": "1.5.1",
      "resolved": "https://registry.npmjs.org/@webcomponents/template/-/template-1.5.1.tgz",
      "integrity": "sha512-3e8bx+bgRhyuRwFrDGu7CalILomo11ixuMzVGvpXSxL8lX+ijCIG6J3kS4O/7nElVuKE7vkuXB1xD+RICDNCCg==",
      "dev": true,
      "license": "BSD-3-Clause"
    }
  }
}
