{
  "name": "@mrhenry/polyfill-library--mutationobserver",
  "version": "0.0.0",
  "lockfileVersion": 3,
  "requires": true,
  "packages": {
    "": {
      "name": "@mrhenry/polyfill-library--mutationobserver",
      "version": "0.0.0",
      "devDependencies": {
        "mutationobserver-shim": "0.3.7"
      }
    },
    "node_modules/mutationobserver-shim": {
      "version": "0.3.7",
      "resolved": "https://registry.npmjs.org/mutationobserver-shim/-/mutationobserver-shim-0.3.7.tgz",
      "integrity": "sha512-oRIDTyZQU96nAiz2AQyngwx1e89iApl2hN5AOYwyxLUB47UYsU3Wv9lJWqH5y/QdiYkc5HQLi23ZNB3fELdHcQ==",
      "dev": true,
      "license": "MIT"
    }
  }
}
