{
  "name": "@mrhenry/polyfill-library--smoothscroll",
  "version": "0.0.0",
  "lockfileVersion": 3,
  "requires": true,
  "packages": {
    "": {
      "name": "@mrhenry/polyfill-library--smoothscroll",
      "version": "0.0.0",
      "devDependencies": {
        "seamless-scroll-polyfill": "1.2.4"
      }
    },
    "node_modules/seamless-scroll-polyfill": {
      "version": "1.2.4",
      "resolved": "https://registry.npmjs.org/seamless-scroll-polyfill/-/seamless-scroll-polyfill-1.2.4.tgz",
      "integrity": "sha512-1CwHvQRS88m/HwN76hnjFu9dzU2HUJmGbvUkKMoRq70o6Pd1DcD4aGvsku0OqRhUuFKQOsjm0Imo1cC/PWWOfA==",
      "dev": true,
      "license": "MIT"
    }
  }
}
