{
  "name": "@mrhenry/polyfill-library--htmlpictureelement",
  "version": "0.0.0",
  "lockfileVersion": 3,
  "requires": true,
  "packages": {
    "": {
      "name": "@mrhenry/polyfill-library--htmlpictureelement",
      "version": "0.0.0",
      "devDependencies": {
        "picturefill": "3.0.3"
      }
    },
    "node_modules/picturefill": {
      "version": "3.0.3",
      "resolved": "https://registry.npmjs.org/picturefill/-/picturefill-3.0.3.tgz",
      "integrity": "sha512-JDdx+3i4fs2pkqwWZJgGEM2vFWsq+01YsQFT9CKPGuv2Q0xSdrQZoxi9XwyNARTgxiOdgoAwWQRluLRe/JQX2g==",
      "deprecated": "Package no longer supported. Contact Support at https://www.npmjs.com/support for more info.",
      "dev": true,
      "license": "MIT",
      "engines": {
        "node": ">= 0.8.0"
      }
    }
  }
}
