{
  "name": "@mrhenry/polyfill-library--html5-elements",
  "version": "0.0.0",
  "lockfileVersion": 3,
  "requires": true,
  "packages": {
    "": {
      "name": "@mrhenry/polyfill-library--html5-elements",
      "version": "0.0.0",
      "devDependencies": {
        "html5shiv": "3.7.3"
      }
    },
    "node_modules/html5shiv": {
      "version": "3.7.3",
      "resolved": "https://registry.npmjs.org/html5shiv/-/html5shiv-3.7.3.tgz",
      "integrity": "sha512-SZwGvLGNtgp8GbgFX7oXEp8OR1aBt5LliX6dG0kdD1kl3KhMonN0QcSa/A3TsTgFewaGCbIryQunjayWDXzxmw==",
      "dev": true
    }
  }
}
