{
  "name": "@mrhenry/polyfill-library--string-prototype-normalize",
  "version": "0.0.0",
  "lockfileVersion": 3,
  "requires": true,
  "packages": {
    "": {
      "name": "@mrhenry/polyfill-library--string-prototype-normalize",
      "version": "0.0.0",
      "devDependencies": {
        "unorm": "1.6.0"
      }
    },
    "node_modules/unorm": {
      "version": "1.6.0",
      "resolved": "https://registry.npmjs.org/unorm/-/unorm-1.6.0.tgz",
      "integrity": "sha512-b2/KCUlYZUeA7JFUuRJZPUtr4gZvBh7tavtv4fvk4+KV9pfGiR6CQAQAWl49ZpR3ts2dk4FYkP7EIgDJoiOLDA==",
      "dev": true,
      "license": "MIT or GPL-2.0",
      "engines": {
        "node": ">= 0.4.0"
      }
    }
  }
}
