{
  "name": "@mrhenry/polyfill-library--webanimations",
  "version": "0.0.0",
  "lockfileVersion": 3,
  "requires": true,
  "packages": {
    "": {
      "name": "@mrhenry/polyfill-library--webanimations",
      "version": "0.0.0",
      "devDependencies": {
        "web-animations-js": "2.3.2"
      }
    },
    "node_modules/web-animations-js": {
      "version": "2.3.2",
      "resolved": "https://registry.npmjs.org/web-animations-js/-/web-animations-js-2.3.2.tgz",
      "integrity": "sha512-TOMFWtQdxzjWp8qx4DAraTWTsdhxVSiWa6NkPFSaPtZ1diKUxTn4yTix73A1euG1WbSOMMPcY51cnjTIHrGtDA==",
      "dev": true,
      "license": "Apache-2.0"
    }
  }
}
